
Microsoft Visual Studio Solution File, Format Version 12.00
# Visual Studio Version 17
VisualStudioVersion = 17.6.33829.357
MinimumVisualStudioVersion = 10.0.40219.1
Project("{FAE04EC0-301F-11D3-BF4B-00C04F79EFBC}") = "Odev_12", "Odev_12\Odev_12.csproj", "{09A920D7-5894-4076-8BD9-0A71CA45F7E3}"
EndProject
Global
	GlobalSection(SolutionConfigurationPlatforms) = preSolution
		Debug|Any CPU = Debug|Any CPU
		Release|Any CPU = Release|Any CPU
	EndGlobalSection
	GlobalSection(ProjectConfigurationPlatforms) = postSolution
		{09A920D7-5894-4076-8BD9-0A71CA45F7E3}.Debug|Any CPU.ActiveCfg = Debug|Any CPU
		{09A920D7-5894-4076-8BD9-0A71CA45F7E3}.Debug|Any CPU.Build.0 = Debug|Any CPU
		{09A920D7-5894-4076-8BD9-0A71CA45F7E3}.Release|Any CPU.ActiveCfg = Release|Any CPU
		{09A920D7-5894-4076-8BD9-0A71CA45F7E3}.Release|Any CPU.Build.0 = Release|Any CPU
	EndGlobalSection
	GlobalSection(SolutionProperties) = preSolution
		HideSolutionNode = FALSE
	EndGlobalSection
	GlobalSection(ExtensibilityGlobals) = postSolution
		SolutionGuid = {7A0329D3-61F4-41C9-9227-1D75A11E8A54}
	EndGlobalSection
EndGlobal
